{
  "version": 4,
  "terraform_version": "1.1.9",
  "serial": 5,
  "lineage": "ed2c63c5-d5fc-f344-4092-477657281db5",
  "outputs": {},
  "resources": [
    {
      "mode": "managed",
      "type": "azurerm_container_group",
      "name": "tfcg_test",
      "provider": "provider[\"registry.terraform.io/hashicorp/azurerm\"]",
      "instances": [
        {
          "schema_version": 0,
          "attributes": {
            "container": [
              {
                "commands": [],
                "cpu": 1,
                "environment_variables": null,
                "gpu": [],
                "image": "scorpionrevolver/weatherapi:latest",
                "liveness_probe": [],
                "memory": 1,
                "name": "weatherapi",
                "ports": [
                  {
                    "port": 80,
                    "protocol": "TCP"
                  }
                ],
                "readiness_probe": [],
                "secure_environment_variables": null,
                "volume": []
              }
            ],
            "diagnostics": [],
            "dns_config": [],
            "dns_name_label": "maxcontainer",
            "exposed_port": [
              {
                "port": 80,
                "protocol": "TCP"
              }
            ],
            "fqdn": "maxcontainer.centralus.azurecontainer.io",
            "id": "/subscriptions/9b0350e5-c278-4c77-a297-2c4d1a3254fe/resourceGroups/max-rg/providers/Microsoft.ContainerInstance/containerGroups/weatherapi",
            "identity": [],
            "image_registry_credential": [],
            "init_container": [],
            "ip_address": "20.12.170.205",
            "ip_address_type": "Public",
            "location": "centralus",
            "name": "weatherapi",
            "network_profile_id": null,
            "os_type": "Linux",
            "resource_group_name": "max-rg",
            "restart_policy": "Always",
            "tags": null,
            "timeouts": null
          },
          "sensitive_attributes": [],
          "private": "eyJlMmJmYjczMC1lY2FhLTExZTYtOGY4OC0zNDM2M2JjN2M0YzAiOnsiY3JlYXRlIjoxODAwMDAwMDAwMDAwLCJkZWxldGUiOjE4MDAwMDAwMDAwMDAsInJlYWQiOjMwMDAwMDAwMDAwMCwidXBkYXRlIjoxODAwMDAwMDAwMDAwfX0=",
          "dependencies": [
            "azurerm_resource_group.tf_test"
          ]
        }
      ]
    },
    {
      "mode": "managed",
      "type": "azurerm_resource_group",
      "name": "tf_test",
      "provider": "provider[\"registry.terraform.io/hashicorp/azurerm\"]",
      "instances": [
        {
          "schema_version": 0,
          "attributes": {
            "id": "/subscriptions/9b0350e5-c278-4c77-a297-2c4d1a3254fe/resourceGroups/max-rg",
            "location": "centralus",
            "name": "max-rg",
            "tags": {},
            "timeouts": null
          },
          "sensitive_attributes": [],
          "private": "eyJlMmJmYjczMC1lY2FhLTExZTYtOGY4OC0zNDM2M2JjN2M0YzAiOnsiY3JlYXRlIjo1NDAwMDAwMDAwMDAwLCJkZWxldGUiOjU0MDAwMDAwMDAwMDAsInJlYWQiOjMwMDAwMDAwMDAwMCwidXBkYXRlIjo1NDAwMDAwMDAwMDAwfX0="
        }
      ]
    }
  ]
}
